// !$*UTF8*$!
{
	archiveVersion = 1;
	classes = {
	};
	objectVersion = 50;
	objects = {

/* Begin PBXBuildFile section */
		B585781E24B05B7100640B01 /* AppDelegate.swift in Sources */ = {isa = PBXBuildFile; fileRef = B585781D24B05B7100640B01 /* AppDelegate.swift */; };
		B585782024B05B7100640B01 /* SceneDelegate.swift in Sources */ = {isa = PBXBuildFile; fileRef = B585781F24B05B7100640B01 /* SceneDelegate.swift */; };
		B585782724B05B7400640B01 /* Assets.xcassets in Resources */ = {isa = PBXBuildFile; fileRef = B585782624B05B7400640B01 /* Assets.xcassets */; };
		B585782A24B05B7400640B01 /* LaunchScreen.storyboard in Resources */ = {isa = PBXBuildFile; fileRef = B585782824B05B7400640B01 /* LaunchScreen.storyboard */; };
		B585784024B05B7500640B01 /* MainUITests.swift in Sources */ = {isa = PBXBuildFile; fileRef = B585783F24B05B7500640B01 /* MainUITests.swift */; };
		B585785C24B0640500640B01 /* Coordinator.swift in Sources */ = {isa = PBXBuildFile; fileRef = B585785B24B0640500640B01 /* Coordinator.swift */; };
		B585785E24B0642200640B01 /* SceneCoordinator.swift in Sources */ = {isa = PBXBuildFile; fileRef = B585785D24B0642200640B01 /* SceneCoordinator.swift */; };
		B585786124B06B8200640B01 /* XCUIApplication+Helpers.swift in Sources */ = {isa = PBXBuildFile; fileRef = B585786024B06B8200640B01 /* XCUIApplication+Helpers.swift */; };
		B585786424B0724B00640B01 /* GalleryViewController.swift in Sources */ = {isa = PBXBuildFile; fileRef = B585786324B0724B00640B01 /* GalleryViewController.swift */; };
		B585786B24B0741F00640B01 /* GalleryUITests.swift in Sources */ = {isa = PBXBuildFile; fileRef = B585786A24B0741F00640B01 /* GalleryUITests.swift */; };
		B585786E24B077E600640B01 /* UIStoryboard+Helpers.swift in Sources */ = {isa = PBXBuildFile; fileRef = B585786D24B077E600640B01 /* UIStoryboard+Helpers.swift */; };
		B585787C24B0971500640B01 /* TestCoordinator.swift in Sources */ = {isa = PBXBuildFile; fileRef = B585787B24B0971500640B01 /* TestCoordinator.swift */; };
		B585787F24B09FBC00640B01 /* Artwork.swift in Sources */ = {isa = PBXBuildFile; fileRef = B585787E24B09FBC00640B01 /* Artwork.swift */; };
		B585788124B0A2BF00640B01 /* GalleryCollectionViewCell.swift in Sources */ = {isa = PBXBuildFile; fileRef = B585788024B0A2BF00640B01 /* GalleryCollectionViewCell.swift */; };
		B585788324B0A46500640B01 /* GalleryCollectionCellViewModel.swift in Sources */ = {isa = PBXBuildFile; fileRef = B585788224B0A46500640B01 /* GalleryCollectionCellViewModel.swift */; };
		B585788524B0A75F00640B01 /* GalleryViewModel.swift in Sources */ = {isa = PBXBuildFile; fileRef = B585788424B0A75F00640B01 /* GalleryViewModel.swift */; };
		B585788D24B0AFFB00640B01 /* NSDirectionalEdgeInsets+Helpers.swift in Sources */ = {isa = PBXBuildFile; fileRef = B585788C24B0AFFB00640B01 /* NSDirectionalEdgeInsets+Helpers.swift */; };
		B585789324B0F07B00640B01 /* Utilities.swift in Sources */ = {isa = PBXBuildFile; fileRef = B585789224B0F07B00640B01 /* Utilities.swift */; };
		B585789524B0F1FE00640B01 /* AutoLayout+Helpers.swift in Sources */ = {isa = PBXBuildFile; fileRef = B585789424B0F1FE00640B01 /* AutoLayout+Helpers.swift */; };
		B585789724B0F77500640B01 /* UICollectionViewLayout+Gallery.swift in Sources */ = {isa = PBXBuildFile; fileRef = B585789624B0F77500640B01 /* UICollectionViewLayout+Gallery.swift */; };
		B585789B24B30E0300640B01 /* GalleryCoordinator.swift in Sources */ = {isa = PBXBuildFile; fileRef = B585789A24B30E0300640B01 /* GalleryCoordinator.swift */; };
		B585789E24B30FFF00640B01 /* MainCoordinator.swift in Sources */ = {isa = PBXBuildFile; fileRef = B585789D24B30FFF00640B01 /* MainCoordinator.swift */; };
		B58578A524B31C3400640B01 /* ServicesProvider.swift in Sources */ = {isa = PBXBuildFile; fileRef = B58578A424B31C3400640B01 /* ServicesProvider.swift */; };
		B58578AA24B31E9800640B01 /* SecretConstants.swift in Sources */ = {isa = PBXBuildFile; fileRef = B58578A924B31E9800640B01 /* SecretConstants.swift */; };
		B58578B024B3292100640B01 /* Collection.swift in Sources */ = {isa = PBXBuildFile; fileRef = B58578AF24B3292100640B01 /* Collection.swift */; };
		B58578B324B32C8F00640B01 /* collection-vermeer.json in Resources */ = {isa = PBXBuildFile; fileRef = B58578B224B32C8F00640B01 /* collection-vermeer.json */; };
		B58578B824B32CF000640B01 /* CollectionTests.swift in Sources */ = {isa = PBXBuildFile; fileRef = B58578B724B32CF000640B01 /* CollectionTests.swift */; };
		B58578BE24B3470500640B01 /* RijksmuseumNetworkService.swift in Sources */ = {isa = PBXBuildFile; fileRef = B58578BD24B3470500640B01 /* RijksmuseumNetworkService.swift */; };
		B58578BF24B3521C00640B01 /* collection-vermeer.json in Resources */ = {isa = PBXBuildFile; fileRef = B58578B224B32C8F00640B01 /* collection-vermeer.json */; };
		B5CBB91224B3C55E0065BF06 /* ResourceTests.swift in Sources */ = {isa = PBXBuildFile; fileRef = B5CBB91124B3C55E0065BF06 /* ResourceTests.swift */; };
		B5CBB91624B3CDF30065BF06 /* ImageFetcher.swift in Sources */ = {isa = PBXBuildFile; fileRef = B5CBB91524B3CDF30065BF06 /* ImageFetcher.swift */; };
		B5CBB91924B3CE230065BF06 /* Cache.swift in Sources */ = {isa = PBXBuildFile; fileRef = B5CBB91824B3CE230065BF06 /* Cache.swift */; };
		B5CBB92024B3DD8E0065BF06 /* Resource.swift in Sources */ = {isa = PBXBuildFile; fileRef = B585789F24B3131C00640B01 /* Resource.swift */; };
		B5CBB92124B3DD930065BF06 /* NetworkService.swift in Sources */ = {isa = PBXBuildFile; fileRef = B58578A124B315CE00640B01 /* NetworkService.swift */; };
		B5CBB92224B3DD970065BF06 /* NetworkConstants.swift in Sources */ = {isa = PBXBuildFile; fileRef = B5CBB91324B3C7500065BF06 /* NetworkConstants.swift */; };
		B5CBB92524B3DF5D0065BF06 /* SettingsCoordinator.swift in Sources */ = {isa = PBXBuildFile; fileRef = B5CBB92424B3DF5D0065BF06 /* SettingsCoordinator.swift */; };
		B5CBB92A24B3E4980065BF06 /* Settings.storyboard in Resources */ = {isa = PBXBuildFile; fileRef = B5CBB92724B3E4980065BF06 /* Settings.storyboard */; };
		B5CBB92B24B3E4980065BF06 /* SettingsViewController.swift in Sources */ = {isa = PBXBuildFile; fileRef = B5CBB92924B3E4980065BF06 /* SettingsViewController.swift */; };
		B5CBB93024B3E52D0065BF06 /* MainViewController.swift in Sources */ = {isa = PBXBuildFile; fileRef = B5CBB92D24B3E52D0065BF06 /* MainViewController.swift */; };
		B5CBB93124B3E52D0065BF06 /* Main.storyboard in Resources */ = {isa = PBXBuildFile; fileRef = B5CBB92E24B3E52D0065BF06 /* Main.storyboard */; };
		B5CBB93424B46FD00065BF06 /* URLRequest+Helpers.swift in Sources */ = {isa = PBXBuildFile; fileRef = B5CBB93324B46FD00065BF06 /* URLRequest+Helpers.swift */; };
		B5CBB93624B471C00065BF06 /* UIImage+Helpers.swift in Sources */ = {isa = PBXBuildFile; fileRef = B5CBB93524B471C00065BF06 /* UIImage+Helpers.swift */; };
		B5CBB93824B473520065BF06 /* CGRect+Helpers.swift in Sources */ = {isa = PBXBuildFile; fileRef = B5CBB93724B473520065BF06 /* CGRect+Helpers.swift */; };
		B5CBB93A24B4738C0065BF06 /* CGSize+Helpers.swift in Sources */ = {isa = PBXBuildFile; fileRef = B5CBB93924B4738C0065BF06 /* CGSize+Helpers.swift */; };
		B5CBB93D24B47DC20065BF06 /* CacheTests.swift in Sources */ = {isa = PBXBuildFile; fileRef = B5CBB93C24B47DC20065BF06 /* CacheTests.swift */; };
		B5CBB93F24B5B3F40065BF06 /* Constants.swift in Sources */ = {isa = PBXBuildFile; fileRef = B5CBB93E24B5B3F40065BF06 /* Constants.swift */; };
		B5CBB94124B5E96A0065BF06 /* ImageCache.swift in Sources */ = {isa = PBXBuildFile; fileRef = B5CBB94024B5E96A0065BF06 /* ImageCache.swift */; };
		B5CBB94724B5F4360065BF06 /* GradientView.swift in Sources */ = {isa = PBXBuildFile; fileRef = B5CBB94624B5F4360065BF06 /* GradientView.swift */; };
		B5CBB94C24B6F7D60065BF06 /* Localizable.strings in Resources */ = {isa = PBXBuildFile; fileRef = B5CBB94B24B6F7D60065BF06 /* Localizable.strings */; };
/* End PBXBuildFile section */

/* Begin PBXContainerItemProxy section */
		B585783124B05B7500640B01 /* PBXContainerItemProxy */ = {
			isa = PBXContainerItemProxy;
			containerPortal = B585781224B05B7100640B01 /* Project object */;
			proxyType = 1;
			remoteGlobalIDString = B585781924B05B7100640B01;
			remoteInfo = Farlake;
		};
		B585783C24B05B7500640B01 /* PBXContainerItemProxy */ = {
			isa = PBXContainerItemProxy;
			containerPortal = B585781224B05B7100640B01 /* Project object */;
			proxyType = 1;
			remoteGlobalIDString = B585781924B05B7100640B01;
			remoteInfo = Farlake;
		};
/* End PBXContainerItemProxy section */

/* Begin PBXFileReference section */
		B585781A24B05B7100640B01 /* Farlake.app */ = {isa = PBXFileReference; explicitFileType = wrapper.application; includeInIndex = 0; path = Farlake.app; sourceTree = BUILT_PRODUCTS_DIR; };
		B585781D24B05B7100640B01 /* AppDelegate.swift */ = {isa = PBXFileReference; lastKnownFileType = sourcecode.swift; path = AppDelegate.swift; sourceTree = "<group>"; };
		B585781F24B05B7100640B01 /* SceneDelegate.swift */ = {isa = PBXFileReference; lastKnownFileType = sourcecode.swift; path = SceneDelegate.swift; sourceTree = "<group>"; };
		B585782624B05B7400640B01 /* Assets.xcassets */ = {isa = PBXFileReference; lastKnownFileType = folder.assetcatalog; path = Assets.xcassets; sourceTree = "<group>"; };
		B585782924B05B7400640B01 /* Base */ = {isa = PBXFileReference; lastKnownFileType = file.storyboard; name = Base; path = Base.lproj/LaunchScreen.storyboard; sourceTree = "<group>"; };
		B585782B24B05B7400640B01 /* Info.plist */ = {isa = PBXFileReference; lastKnownFileType = text.plist.xml; path = Info.plist; sourceTree = "<group>"; };
		B585783024B05B7500640B01 /* FarlakeTests.xctest */ = {isa = PBXFileReference; explicitFileType = wrapper.cfbundle; includeInIndex = 0; path = FarlakeTests.xctest; sourceTree = BUILT_PRODUCTS_DIR; };
		B585783624B05B7500640B01 /* Info.plist */ = {isa = PBXFileReference; lastKnownFileType = text.plist.xml; path = Info.plist; sourceTree = "<group>"; };
		B585783B24B05B7500640B01 /* FarlakeUITests.xctest */ = {isa = PBXFileReference; explicitFileType = wrapper.cfbundle; includeInIndex = 0; path = FarlakeUITests.xctest; sourceTree = BUILT_PRODUCTS_DIR; };
		B585783F24B05B7500640B01 /* MainUITests.swift */ = {isa = PBXFileReference; lastKnownFileType = sourcecode.swift; path = MainUITests.swift; sourceTree = "<group>"; };
		B585784124B05B7500640B01 /* Info.plist */ = {isa = PBXFileReference; lastKnownFileType = text.plist.xml; path = Info.plist; sourceTree = "<group>"; };
		B585784E24B05D4300640B01 /* Farlake.entitlements */ = {isa = PBXFileReference; lastKnownFileType = text.plist.entitlements; path = Farlake.entitlements; sourceTree = "<group>"; };
		B585785B24B0640500640B01 /* Coordinator.swift */ = {isa = PBXFileReference; lastKnownFileType = sourcecode.swift; path = Coordinator.swift; sourceTree = "<group>"; };
		B585785D24B0642200640B01 /* SceneCoordinator.swift */ = {isa = PBXFileReference; lastKnownFileType = sourcecode.swift; path = SceneCoordinator.swift; sourceTree = "<group>"; };
		B585786024B06B8200640B01 /* XCUIApplication+Helpers.swift */ = {isa = PBXFileReference; lastKnownFileType = sourcecode.swift; path = "XCUIApplication+Helpers.swift"; sourceTree = "<group>"; };
		B585786324B0724B00640B01 /* GalleryViewController.swift */ = {isa = PBXFileReference; lastKnownFileType = sourcecode.swift; path = GalleryViewController.swift; sourceTree = "<group>"; };
		B585786A24B0741F00640B01 /* GalleryUITests.swift */ = {isa = PBXFileReference; lastKnownFileType = sourcecode.swift; path = GalleryUITests.swift; sourceTree = "<group>"; };
		B585786D24B077E600640B01 /* UIStoryboard+Helpers.swift */ = {isa = PBXFileReference; lastKnownFileType = sourcecode.swift; path = "UIStoryboard+Helpers.swift"; sourceTree = "<group>"; };
		B585787B24B0971500640B01 /* TestCoordinator.swift */ = {isa = PBXFileReference; lastKnownFileType = sourcecode.swift; path = TestCoordinator.swift; sourceTree = "<group>"; };
		B585787E24B09FBC00640B01 /* Artwork.swift */ = {isa = PBXFileReference; lastKnownFileType = sourcecode.swift; path = Artwork.swift; sourceTree = "<group>"; };
		B585788024B0A2BF00640B01 /* GalleryCollectionViewCell.swift */ = {isa = PBXFileReference; lastKnownFileType = sourcecode.swift; path = GalleryCollectionViewCell.swift; sourceTree = "<group>"; };
		B585788224B0A46500640B01 /* GalleryCollectionCellViewModel.swift */ = {isa = PBXFileReference; lastKnownFileType = sourcecode.swift; path = GalleryCollectionCellViewModel.swift; sourceTree = "<group>"; };
		B585788424B0A75F00640B01 /* GalleryViewModel.swift */ = {isa = PBXFileReference; lastKnownFileType = sourcecode.swift; path = GalleryViewModel.swift; sourceTree = "<group>"; };
		B585788C24B0AFFB00640B01 /* NSDirectionalEdgeInsets+Helpers.swift */ = {isa = PBXFileReference; lastKnownFileType = sourcecode.swift; path = "NSDirectionalEdgeInsets+Helpers.swift"; sourceTree = "<group>"; };
		B585789224B0F07B00640B01 /* Utilities.swift */ = {isa = PBXFileReference; lastKnownFileType = sourcecode.swift; path = Utilities.swift; sourceTree = "<group>"; };
		B585789424B0F1FE00640B01 /* AutoLayout+Helpers.swift */ = {isa = PBXFileReference; lastKnownFileType = sourcecode.swift; path = "AutoLayout+Helpers.swift"; sourceTree = "<group>"; };
		B585789624B0F77500640B01 /* UICollectionViewLayout+Gallery.swift */ = {isa = PBXFileReference; lastKnownFileType = sourcecode.swift; path = "UICollectionViewLayout+Gallery.swift"; sourceTree = "<group>"; };
		B585789A24B30E0300640B01 /* GalleryCoordinator.swift */ = {isa = PBXFileReference; lastKnownFileType = sourcecode.swift; path = GalleryCoordinator.swift; sourceTree = "<group>"; };
		B585789D24B30FFF00640B01 /* MainCoordinator.swift */ = {isa = PBXFileReference; lastKnownFileType = sourcecode.swift; path = MainCoordinator.swift; sourceTree = "<group>"; };
		B585789F24B3131C00640B01 /* Resource.swift */ = {isa = PBXFileReference; lastKnownFileType = sourcecode.swift; path = Resource.swift; sourceTree = "<group>"; };
		B58578A124B315CE00640B01 /* NetworkService.swift */ = {isa = PBXFileReference; lastKnownFileType = sourcecode.swift; path = NetworkService.swift; sourceTree = "<group>"; };
		B58578A424B31C3400640B01 /* ServicesProvider.swift */ = {isa = PBXFileReference; lastKnownFileType = sourcecode.swift; path = ServicesProvider.swift; sourceTree = "<group>"; };
		B58578A924B31E9800640B01 /* SecretConstants.swift */ = {isa = PBXFileReference; lastKnownFileType = sourcecode.swift; path = SecretConstants.swift; sourceTree = "<group>"; };
		B58578AF24B3292100640B01 /* Collection.swift */ = {isa = PBXFileReference; lastKnownFileType = sourcecode.swift; path = Collection.swift; sourceTree = "<group>"; };
		B58578B224B32C8F00640B01 /* collection-vermeer.json */ = {isa = PBXFileReference; fileEncoding = 4; lastKnownFileType = text.json; path = "collection-vermeer.json"; sourceTree = "<group>"; };
		B58578B724B32CF000640B01 /* CollectionTests.swift */ = {isa = PBXFileReference; lastKnownFileType = sourcecode.swift; path = CollectionTests.swift; sourceTree = "<group>"; };
		B58578BD24B3470500640B01 /* RijksmuseumNetworkService.swift */ = {isa = PBXFileReference; lastKnownFileType = sourcecode.swift; path = RijksmuseumNetworkService.swift; sourceTree = "<group>"; };
		B5CBB91124B3C55E0065BF06 /* ResourceTests.swift */ = {isa = PBXFileReference; lastKnownFileType = sourcecode.swift; path = ResourceTests.swift; sourceTree = "<group>"; };
		B5CBB91324B3C7500065BF06 /* NetworkConstants.swift */ = {isa = PBXFileReference; fileEncoding = 4; lastKnownFileType = sourcecode.swift; path = NetworkConstants.swift; sourceTree = "<group>"; };
		B5CBB91524B3CDF30065BF06 /* ImageFetcher.swift */ = {isa = PBXFileReference; lastKnownFileType = sourcecode.swift; path = ImageFetcher.swift; sourceTree = "<group>"; };
		B5CBB91824B3CE230065BF06 /* Cache.swift */ = {isa = PBXFileReference; lastKnownFileType = sourcecode.swift; path = Cache.swift; sourceTree = "<group>"; };
		B5CBB92424B3DF5D0065BF06 /* SettingsCoordinator.swift */ = {isa = PBXFileReference; lastKnownFileType = sourcecode.swift; path = SettingsCoordinator.swift; sourceTree = "<group>"; };
		B5CBB92824B3E4980065BF06 /* Base */ = {isa = PBXFileReference; lastKnownFileType = file.storyboard; name = Base; path = Base.lproj/Settings.storyboard; sourceTree = "<group>"; };
		B5CBB92924B3E4980065BF06 /* SettingsViewController.swift */ = {isa = PBXFileReference; fileEncoding = 4; lastKnownFileType = sourcecode.swift; path = SettingsViewController.swift; sourceTree = "<group>"; };
		B5CBB92D24B3E52D0065BF06 /* MainViewController.swift */ = {isa = PBXFileReference; fileEncoding = 4; lastKnownFileType = sourcecode.swift; path = MainViewController.swift; sourceTree = "<group>"; };
		B5CBB92F24B3E52D0065BF06 /* Base */ = {isa = PBXFileReference; lastKnownFileType = file.storyboard; name = Base; path = Base.lproj/Main.storyboard; sourceTree = "<group>"; };
		B5CBB93324B46FD00065BF06 /* URLRequest+Helpers.swift */ = {isa = PBXFileReference; lastKnownFileType = sourcecode.swift; path = "URLRequest+Helpers.swift"; sourceTree = "<group>"; };
		B5CBB93524B471C00065BF06 /* UIImage+Helpers.swift */ = {isa = PBXFileReference; lastKnownFileType = sourcecode.swift; path = "UIImage+Helpers.swift"; sourceTree = "<group>"; };
		B5CBB93724B473520065BF06 /* CGRect+Helpers.swift */ = {isa = PBXFileReference; lastKnownFileType = sourcecode.swift; path = "CGRect+Helpers.swift"; sourceTree = "<group>"; };
		B5CBB93924B4738C0065BF06 /* CGSize+Helpers.swift */ = {isa = PBXFileReference; lastKnownFileType = sourcecode.swift; path = "CGSize+Helpers.swift"; sourceTree = "<group>"; };
		B5CBB93C24B47DC20065BF06 /* CacheTests.swift */ = {isa = PBXFileReference; lastKnownFileType = sourcecode.swift; path = CacheTests.swift; sourceTree = "<group>"; };
		B5CBB93E24B5B3F40065BF06 /* Constants.swift */ = {isa = PBXFileReference; lastKnownFileType = sourcecode.swift; path = Constants.swift; sourceTree = "<group>"; };
		B5CBB94024B5E96A0065BF06 /* ImageCache.swift */ = {isa = PBXFileReference; lastKnownFileType = sourcecode.swift; path = ImageCache.swift; sourceTree = "<group>"; };
		B5CBB94624B5F4360065BF06 /* GradientView.swift */ = {isa = PBXFileReference; lastKnownFileType = sourcecode.swift; path = GradientView.swift; sourceTree = "<group>"; };
		B5CBB94B24B6F7D60065BF06 /* Localizable.strings */ = {isa = PBXFileReference; lastKnownFileType = text.plist.strings; path = Localizable.strings; sourceTree = "<group>"; };
/* End PBXFileReference section */

/* Begin PBXFrameworksBuildPhase section */
		B585781724B05B7100640B01 /* Frameworks */ = {
			isa = PBXFrameworksBuildPhase;
			buildActionMask = 2147483647;
			files = (
			);
			runOnlyForDeploymentPostprocessing = 0;
		};
		B585782D24B05B7500640B01 /* Frameworks */ = {
			isa = PBXFrameworksBuildPhase;
			buildActionMask = 2147483647;
			files = (
			);
			runOnlyForDeploymentPostprocessing = 0;
		};
		B585783824B05B7500640B01 /* Frameworks */ = {
			isa = PBXFrameworksBuildPhase;
			buildActionMask = 2147483647;
			files = (
			);
			runOnlyForDeploymentPostprocessing = 0;
		};
/* End PBXFrameworksBuildPhase section */

/* Begin PBXGroup section */
		B585781124B05B7100640B01 = {
			isa = PBXGroup;
			children = (
				B585781C24B05B7100640B01 /* Farlake */,
				B585783324B05B7500640B01 /* FarlakeTests */,
				B585783E24B05B7500640B01 /* FarlakeUITests */,
				B585781B24B05B7100640B01 /* Products */,
			);
			sourceTree = "<group>";
		};
		B585781B24B05B7100640B01 /* Products */ = {
			isa = PBXGroup;
			children = (
				B585781A24B05B7100640B01 /* Farlake.app */,
				B585783024B05B7500640B01 /* FarlakeTests.xctest */,
				B585783B24B05B7500640B01 /* FarlakeUITests.xctest */,
			);
			name = Products;
			sourceTree = "<group>";
		};
		B585781C24B05B7100640B01 /* Farlake */ = {
			isa = PBXGroup;
			children = (
				B585785124B05D5400640B01 /* iOS */,
				B585785024B05D4F00640B01 /* macOS */,
				B585784F24B05D4B00640B01 /* Shared */,
			);
			path = Farlake;
			sourceTree = "<group>";
		};
		B585783324B05B7500640B01 /* FarlakeTests */ = {
			isa = PBXGroup;
			children = (
				B5CBB90F24B3C54C0065BF06 /* Services */,
				B58578B624B32CE500640B01 /* Models */,
				B58578B124B32C8F00640B01 /* Fixtures */,
				B585783624B05B7500640B01 /* Info.plist */,
			);
			path = FarlakeTests;
			sourceTree = "<group>";
		};
		B585783E24B05B7500640B01 /* FarlakeUITests */ = {
			isa = PBXGroup;
			children = (
				B585788924B0AB8B00640B01 /* Features */,
				B585785F24B06B6C00640B01 /* Utilities */,
				B585784124B05B7500640B01 /* Info.plist */,
			);
			path = FarlakeUITests;
			sourceTree = "<group>";
		};
		B585784F24B05D4B00640B01 /* Shared */ = {
			isa = PBXGroup;
			children = (
				B58578A824B31E7000640B01 /* Configuration */,
				B585787D24B09FB000640B01 /* Models */,
				B585786C24B077D700640B01 /* Utilities */,
				B58578A324B31B3D00640B01 /* Services */,
				B5CBB94424B5F4220065BF06 /* Components */,
				B585785624B05E9800640B01 /* Features */,
				B585785424B05E6200640B01 /* Resources */,
				B585785A24B063FA00640B01 /* Base */,
				B585785324B05E5700640B01 /* System */,
			);
			path = Shared;
			sourceTree = "<group>";
		};
		B585785024B05D4F00640B01 /* macOS */ = {
			isa = PBXGroup;
			children = (
				B585785224B05E3F00640B01 /* Resources */,
			);
			path = macOS;
			sourceTree = "<group>";
		};
		B585785124B05D5400640B01 /* iOS */ = {
			isa = PBXGroup;
			children = (
			);
			path = iOS;
			sourceTree = "<group>";
		};
		B585785224B05E3F00640B01 /* Resources */ = {
			isa = PBXGroup;
			children = (
				B585784E24B05D4300640B01 /* Farlake.entitlements */,
			);
			path = Resources;
			sourceTree = "<group>";
		};
		B585785324B05E5700640B01 /* System */ = {
			isa = PBXGroup;
			children = (
				B585781D24B05B7100640B01 /* AppDelegate.swift */,
				B585781F24B05B7100640B01 /* SceneDelegate.swift */,
				B585785D24B0642200640B01 /* SceneCoordinator.swift */,
				B585787B24B0971500640B01 /* TestCoordinator.swift */,
				B5CBB93E24B5B3F40065BF06 /* Constants.swift */,
			);
			path = System;
			sourceTree = "<group>";
		};
		B585785424B05E6200640B01 /* Resources */ = {
			isa = PBXGroup;
			children = (
				B585782624B05B7400640B01 /* Assets.xcassets */,
				B585782824B05B7400640B01 /* LaunchScreen.storyboard */,
				B585782B24B05B7400640B01 /* Info.plist */,
				B5CBB94B24B6F7D60065BF06 /* Localizable.strings */,
			);
			path = Resources;
			sourceTree = "<group>";
		};
		B585785624B05E9800640B01 /* Features */ = {
			isa = PBXGroup;
			children = (
				B5CBB92324B3DF460065BF06 /* Settings */,
				B585785724B05E9C00640B01 /* Main */,
				B585786224B0721800640B01 /* Gallery */,
			);
			path = Features;
			sourceTree = "<group>";
		};
		B585785724B05E9C00640B01 /* Main */ = {
			isa = PBXGroup;
			children = (
				B5CBB92C24B3E52D0065BF06 /* Views */,
				B585789D24B30FFF00640B01 /* MainCoordinator.swift */,
			);
			path = Main;
			sourceTree = "<group>";
		};
		B585785824B05FAB00640B01 /* Networking */ = {
			isa = PBXGroup;
			children = (
				B5CBB91C24B3CE670065BF06 /* Images */,
				B5CBB91B24B3CE5E0065BF06 /* API */,
				B585789F24B3131C00640B01 /* Resource.swift */,
				B58578A124B315CE00640B01 /* NetworkService.swift */,
				B5CBB91324B3C7500065BF06 /* NetworkConstants.swift */,
			);
			path = Networking;
			sourceTree = "<group>";
		};
		B585785A24B063FA00640B01 /* Base */ = {
			isa = PBXGroup;
			children = (
				B585785B24B0640500640B01 /* Coordinator.swift */,
			);
			path = Base;
			sourceTree = "<group>";
		};
		B585785F24B06B6C00640B01 /* Utilities */ = {
			isa = PBXGroup;
			children = (
				B585786024B06B8200640B01 /* XCUIApplication+Helpers.swift */,
			);
			path = Utilities;
			sourceTree = "<group>";
		};
		B585786224B0721800640B01 /* Gallery */ = {
			isa = PBXGroup;
			children = (
				B585789924B30DF100640B01 /* Views */,
				B585789824B0F77800640B01 /* Utilities */,
				B585789A24B30E0300640B01 /* GalleryCoordinator.swift */,
			);
			path = Gallery;
			sourceTree = "<group>";
		};
		B585786C24B077D700640B01 /* Utilities */ = {
			isa = PBXGroup;
			children = (
				B585786D24B077E600640B01 /* UIStoryboard+Helpers.swift */,
				B585788C24B0AFFB00640B01 /* NSDirectionalEdgeInsets+Helpers.swift */,
				B585789224B0F07B00640B01 /* Utilities.swift */,
				B585789424B0F1FE00640B01 /* AutoLayout+Helpers.swift */,
				B5CBB93324B46FD00065BF06 /* URLRequest+Helpers.swift */,
				B5CBB93524B471C00065BF06 /* UIImage+Helpers.swift */,
				B5CBB93724B473520065BF06 /* CGRect+Helpers.swift */,
				B5CBB93924B4738C0065BF06 /* CGSize+Helpers.swift */,
			);
			path = Utilities;
			sourceTree = "<group>";
		};
		B585787D24B09FB000640B01 /* Models */ = {
			isa = PBXGroup;
			children = (
				B585787E24B09FBC00640B01 /* Artwork.swift */,
				B58578AF24B3292100640B01 /* Collection.swift */,
			);
			path = Models;
			sourceTree = "<group>";
		};
		B585788624B0A7AB00640B01 /* Cell */ = {
			isa = PBXGroup;
			children = (
				B585788224B0A46500640B01 /* GalleryCollectionCellViewModel.swift */,
				B585788024B0A2BF00640B01 /* GalleryCollectionViewCell.swift */,
			);
			path = Cell;
			sourceTree = "<group>";
		};
		B585788924B0AB8B00640B01 /* Features */ = {
			isa = PBXGroup;
			children = (
				B585788A24B0AB9900640B01 /* Main */,
				B585788B24B0AB9D00640B01 /* Gallery */,
			);
			path = Features;
			sourceTree = "<group>";
		};
		B585788A24B0AB9900640B01 /* Main */ = {
			isa = PBXGroup;
			children = (
				B585783F24B05B7500640B01 /* MainUITests.swift */,
			);
			path = Main;
			sourceTree = "<group>";
		};
		B585788B24B0AB9D00640B01 /* Gallery */ = {
			isa = PBXGroup;
			children = (
				B585786A24B0741F00640B01 /* GalleryUITests.swift */,
			);
			path = Gallery;
			sourceTree = "<group>";
		};
		B585789824B0F77800640B01 /* Utilities */ = {
			isa = PBXGroup;
			children = (
				B585789624B0F77500640B01 /* UICollectionViewLayout+Gallery.swift */,
			);
			path = Utilities;
			sourceTree = "<group>";
		};
		B585789924B30DF100640B01 /* Views */ = {
			isa = PBXGroup;
			children = (
				B585788624B0A7AB00640B01 /* Cell */,
				B585788424B0A75F00640B01 /* GalleryViewModel.swift */,
				B585786324B0724B00640B01 /* GalleryViewController.swift */,
			);
			path = Views;
			sourceTree = "<group>";
		};
		B58578A324B31B3D00640B01 /* Services */ = {
			isa = PBXGroup;
			children = (
				B5CBB91724B3CE1B0065BF06 /* Cache */,
				B585785824B05FAB00640B01 /* Networking */,
				B58578A424B31C3400640B01 /* ServicesProvider.swift */,
			);
			path = Services;
			sourceTree = "<group>";
		};
		B58578A824B31E7000640B01 /* Configuration */ = {
			isa = PBXGroup;
			children = (
				B58578A924B31E9800640B01 /* SecretConstants.swift */,
			);
			path = Configuration;
			sourceTree = "<group>";
		};
		B58578B124B32C8F00640B01 /* Fixtures */ = {
			isa = PBXGroup;
			children = (
				B58578B224B32C8F00640B01 /* collection-vermeer.json */,
			);
			path = Fixtures;
			sourceTree = "<group>";
		};
		B58578B624B32CE500640B01 /* Models */ = {
			isa = PBXGroup;
			children = (
				B58578B724B32CF000640B01 /* CollectionTests.swift */,
			);
			path = Models;
			sourceTree = "<group>";
		};
		B58578BC24B346F600640B01 /* Rijkmuseum */ = {
			isa = PBXGroup;
			children = (
				B58578BD24B3470500640B01 /* RijksmuseumNetworkService.swift */,
			);
			path = Rijkmuseum;
			sourceTree = "<group>";
		};
		B5CBB90F24B3C54C0065BF06 /* Services */ = {
			isa = PBXGroup;
			children = (
				B5CBB93B24B47DB50065BF06 /* Cache */,
				B5CBB91024B3C5520065BF06 /* Networking */,
			);
			path = Services;
			sourceTree = "<group>";
		};
		B5CBB91024B3C5520065BF06 /* Networking */ = {
			isa = PBXGroup;
			children = (
				B5CBB91124B3C55E0065BF06 /* ResourceTests.swift */,
			);
			path = Networking;
			sourceTree = "<group>";
		};
		B5CBB91724B3CE1B0065BF06 /* Cache */ = {
			isa = PBXGroup;
			children = (
				B5CBB91824B3CE230065BF06 /* Cache.swift */,
				B5CBB94024B5E96A0065BF06 /* ImageCache.swift */,
			);
			path = Cache;
			sourceTree = "<group>";
		};
		B5CBB91B24B3CE5E0065BF06 /* API */ = {
			isa = PBXGroup;
			children = (
				B58578BC24B346F600640B01 /* Rijkmuseum */,
			);
			path = API;
			sourceTree = "<group>";
		};
		B5CBB91C24B3CE670065BF06 /* Images */ = {
			isa = PBXGroup;
			children = (
				B5CBB91524B3CDF30065BF06 /* ImageFetcher.swift */,
			);
			path = Images;
			sourceTree = "<group>";
		};
		B5CBB92324B3DF460065BF06 /* Settings */ = {
			isa = PBXGroup;
			children = (
				B5CBB92624B3E4980065BF06 /* Views */,
				B5CBB92424B3DF5D0065BF06 /* SettingsCoordinator.swift */,
			);
			path = Settings;
			sourceTree = "<group>";
		};
		B5CBB92624B3E4980065BF06 /* Views */ = {
			isa = PBXGroup;
			children = (
				B5CBB92724B3E4980065BF06 /* Settings.storyboard */,
				B5CBB92924B3E4980065BF06 /* SettingsViewController.swift */,
			);
			path = Views;
			sourceTree = "<group>";
		};
		B5CBB92C24B3E52D0065BF06 /* Views */ = {
			isa = PBXGroup;
			children = (
				B5CBB92E24B3E52D0065BF06 /* Main.storyboard */,
				B5CBB92D24B3E52D0065BF06 /* MainViewController.swift */,
			);
			path = Views;
			sourceTree = "<group>";
		};
		B5CBB93B24B47DB50065BF06 /* Cache */ = {
			isa = PBXGroup;
			children = (
				B5CBB93C24B47DC20065BF06 /* CacheTests.swift */,
			);
			path = Cache;
			sourceTree = "<group>";
		};
		B5CBB94424B5F4220065BF06 /* Components */ = {
			isa = PBXGroup;
			children = (
				B5CBB94524B5F42C0065BF06 /* Gradient View */,
			);
			path = Components;
			sourceTree = "<group>";
		};
		B5CBB94524B5F42C0065BF06 /* Gradient View */ = {
			isa = PBXGroup;
			children = (
				B5CBB94624B5F4360065BF06 /* GradientView.swift */,
			);
			path = "Gradient View";
			sourceTree = "<group>";
		};
/* End PBXGroup section */

/* Begin PBXNativeTarget section */
		B585781924B05B7100640B01 /* Farlake */ = {
			isa = PBXNativeTarget;
			buildConfigurationList = B585784424B05B7500640B01 /* Build configuration list for PBXNativeTarget "Farlake" */;
			buildPhases = (
				B585781624B05B7100640B01 /* Sources */,
				B585781724B05B7100640B01 /* Frameworks */,
				B585781824B05B7100640B01 /* Resources */,
			);
			buildRules = (
			);
			dependencies = (
			);
			name = Farlake;
			productName = Farlake;
			productReference = B585781A24B05B7100640B01 /* Farlake.app */;
			productType = "com.apple.product-type.application";
		};
		B585782F24B05B7500640B01 /* FarlakeTests */ = {
			isa = PBXNativeTarget;
			buildConfigurationList = B585784724B05B7500640B01 /* Build configuration list for PBXNativeTarget "FarlakeTests" */;
			buildPhases = (
				B585782C24B05B7500640B01 /* Sources */,
				B585782D24B05B7500640B01 /* Frameworks */,
				B585782E24B05B7500640B01 /* Resources */,
			);
			buildRules = (
			);
			dependencies = (
				B585783224B05B7500640B01 /* PBXTargetDependency */,
			);
			name = FarlakeTests;
			productName = FarlakeTests;
			productReference = B585783024B05B7500640B01 /* FarlakeTests.xctest */;
			productType = "com.apple.product-type.bundle.unit-test";
		};
		B585783A24B05B7500640B01 /* FarlakeUITests */ = {
			isa = PBXNativeTarget;
			buildConfigurationList = B585784A24B05B7500640B01 /* Build configuration list for PBXNativeTarget "FarlakeUITests" */;
			buildPhases = (
				B585783724B05B7500640B01 /* Sources */,
				B585783824B05B7500640B01 /* Frameworks */,
				B585783924B05B7500640B01 /* Resources */,
			);
			buildRules = (
			);
			dependencies = (
				B585783D24B05B7500640B01 /* PBXTargetDependency */,
			);
			name = FarlakeUITests;
			productName = FarlakeUITests;
			productReference = B585783B24B05B7500640B01 /* FarlakeUITests.xctest */;
			productType = "com.apple.product-type.bundle.ui-testing";
		};
/* End PBXNativeTarget section */

/* Begin PBXProject section */
		B585781224B05B7100640B01 /* Project object */ = {
			isa = PBXProject;
			attributes = {
				LastSwiftUpdateCheck = 1150;
				LastUpgradeCheck = 1150;
				ORGANIZATIONNAME = "Boy van Amstel";
				TargetAttributes = {
					B585781924B05B7100640B01 = {
						CreatedOnToolsVersion = 11.5;
					};
					B585782F24B05B7500640B01 = {
						CreatedOnToolsVersion = 11.5;
						TestTargetID = B585781924B05B7100640B01;
					};
					B585783A24B05B7500640B01 = {
						CreatedOnToolsVersion = 11.5;
						TestTargetID = B585781924B05B7100640B01;
					};
				};
			};
			buildConfigurationList = B585781524B05B7100640B01 /* Build configuration list for PBXProject "Farlake" */;
			compatibilityVersion = "Xcode 9.3";
			developmentRegion = en;
			hasScannedForEncodings = 0;
			knownRegions = (
				en,
				Base,
			);
			mainGroup = B585781124B05B7100640B01;
			productRefGroup = B585781B24B05B7100640B01 /* Products */;
			projectDirPath = "";
			projectRoot = "";
			targets = (
				B585781924B05B7100640B01 /* Farlake */,
				B585782F24B05B7500640B01 /* FarlakeTests */,
				B585783A24B05B7500640B01 /* FarlakeUITests */,
			);
		};
/* End PBXProject section */

/* Begin PBXResourcesBuildPhase section */
		B585781824B05B7100640B01 /* Resources */ = {
			isa = PBXResourcesBuildPhase;
			buildActionMask = 2147483647;
			files = (
				B5CBB94C24B6F7D60065BF06 /* Localizable.strings in Resources */,
				B5CBB92A24B3E4980065BF06 /* Settings.storyboard in Resources */,
				B585782A24B05B7400640B01 /* LaunchScreen.storyboard in Resources */,
				B585782724B05B7400640B01 /* Assets.xcassets in Resources */,
				B5CBB93124B3E52D0065BF06 /* Main.storyboard in Resources */,
			);
			runOnlyForDeploymentPostprocessing = 0;
		};
		B585782E24B05B7500640B01 /* Resources */ = {
			isa = PBXResourcesBuildPhase;
			buildActionMask = 2147483647;
			files = (
				B58578B324B32C8F00640B01 /* collection-vermeer.json in Resources */,
			);
			runOnlyForDeploymentPostprocessing = 0;
		};
		B585783924B05B7500640B01 /* Resources */ = {
			isa = PBXResourcesBuildPhase;
			buildActionMask = 2147483647;
			files = (
				B58578BF24B3521C00640B01 /* collection-vermeer.json in Resources */,
			);
			runOnlyForDeploymentPostprocessing = 0;
		};
/* End PBXResourcesBuildPhase section */

/* Begin PBXSourcesBuildPhase section */
		B585781624B05B7100640B01 /* Sources */ = {
			isa = PBXSourcesBuildPhase;
			buildActionMask = 2147483647;
			files = (
				B5CBB92224B3DD970065BF06 /* NetworkConstants.swift in Sources */,
				B585787F24B09FBC00640B01 /* Artwork.swift in Sources */,
				B585785C24B0640500640B01 /* Coordinator.swift in Sources */,
				B58578BE24B3470500640B01 /* RijksmuseumNetworkService.swift in Sources */,
				B585787C24B0971500640B01 /* TestCoordinator.swift in Sources */,
				B5CBB92524B3DF5D0065BF06 /* SettingsCoordinator.swift in Sources */,
				B585789324B0F07B00640B01 /* Utilities.swift in Sources */,
				B5CBB92124B3DD930065BF06 /* NetworkService.swift in Sources */,
				B58578A524B31C3400640B01 /* ServicesProvider.swift in Sources */,
				B5CBB93824B473520065BF06 /* CGRect+Helpers.swift in Sources */,
				B5CBB93024B3E52D0065BF06 /* MainViewController.swift in Sources */,
				B5CBB93424B46FD00065BF06 /* URLRequest+Helpers.swift in Sources */,
				B58578B024B3292100640B01 /* Collection.swift in Sources */,
				B585786424B0724B00640B01 /* GalleryViewController.swift in Sources */,
				B585788D24B0AFFB00640B01 /* NSDirectionalEdgeInsets+Helpers.swift in Sources */,
				B5CBB94724B5F4360065BF06 /* GradientView.swift in Sources */,
				B585786E24B077E600640B01 /* UIStoryboard+Helpers.swift in Sources */,
				B5CBB93624B471C00065BF06 /* UIImage+Helpers.swift in Sources */,
				B585789E24B30FFF00640B01 /* MainCoordinator.swift in Sources */,
				B5CBB92024B3DD8E0065BF06 /* Resource.swift in Sources */,
				B585789524B0F1FE00640B01 /* AutoLayout+Helpers.swift in Sources */,
				B5CBB91924B3CE230065BF06 /* Cache.swift in Sources */,
				B58578AA24B31E9800640B01 /* SecretConstants.swift in Sources */,
				B585781E24B05B7100640B01 /* AppDelegate.swift in Sources */,
				B585785E24B0642200640B01 /* SceneCoordinator.swift in Sources */,
				B5CBB93A24B4738C0065BF06 /* CGSize+Helpers.swift in Sources */,
				B5CBB93F24B5B3F40065BF06 /* Constants.swift in Sources */,
				B585788524B0A75F00640B01 /* GalleryViewModel.swift in Sources */,
				B585788124B0A2BF00640B01 /* GalleryCollectionViewCell.swift in Sources */,
				B585789724B0F77500640B01 /* UICollectionViewLayout+Gallery.swift in Sources */,
				B5CBB92B24B3E4980065BF06 /* SettingsViewController.swift in Sources */,
				B5CBB94124B5E96A0065BF06 /* ImageCache.swift in Sources */,
				B5CBB91624B3CDF30065BF06 /* ImageFetcher.swift in Sources */,
				B585788324B0A46500640B01 /* GalleryCollectionCellViewModel.swift in Sources */,
				B585782024B05B7100640B01 /* SceneDelegate.swift in Sources */,
				B585789B24B30E0300640B01 /* GalleryCoordinator.swift in Sources */,
			);
			runOnlyForDeploymentPostprocessing = 0;
		};
		B585782C24B05B7500640B01 /* Sources */ = {
			isa = PBXSourcesBuildPhase;
			buildActionMask = 2147483647;
			files = (
				B58578B824B32CF000640B01 /* CollectionTests.swift in Sources */,
				B5CBB91224B3C55E0065BF06 /* ResourceTests.swift in Sources */,
				B5CBB93D24B47DC20065BF06 /* CacheTests.swift in Sources */,
			);
			runOnlyForDeploymentPostprocessing = 0;
		};
		B585783724B05B7500640B01 /* Sources */ = {
			isa = PBXSourcesBuildPhase;
			buildActionMask = 2147483647;
			files = (
				B585786B24B0741F00640B01 /* GalleryUITests.swift in Sources */,
				B585784024B05B7500640B01 /* MainUITests.swift in Sources */,
				B585786124B06B8200640B01 /* XCUIApplication+Helpers.swift in Sources */,
			);
			runOnlyForDeploymentPostprocessing = 0;
		};
/* End PBXSourcesBuildPhase section */

/* Begin PBXTargetDependency section */
		B585783224B05B7500640B01 /* PBXTargetDependency */ = {
			isa = PBXTargetDependency;
			target = B585781924B05B7100640B01 /* Farlake */;
			targetProxy = B585783124B05B7500640B01 /* PBXContainerItemProxy */;
		};
		B585783D24B05B7500640B01 /* PBXTargetDependency */ = {
			isa = PBXTargetDependency;
			target = B585781924B05B7100640B01 /* Farlake */;
			targetProxy = B585783C24B05B7500640B01 /* PBXContainerItemProxy */;
		};
/* End PBXTargetDependency section */

/* Begin PBXVariantGroup section */
		B585782824B05B7400640B01 /* LaunchScreen.storyboard */ = {
			isa = PBXVariantGroup;
			children = (
				B585782924B05B7400640B01 /* Base */,
			);
			name = LaunchScreen.storyboard;
			sourceTree = "<group>";
		};
		B5CBB92724B3E4980065BF06 /* Settings.storyboard */ = {
			isa = PBXVariantGroup;
			children = (
				B5CBB92824B3E4980065BF06 /* Base */,
			);
			name = Settings.storyboard;
			sourceTree = "<group>";
		};
		B5CBB92E24B3E52D0065BF06 /* Main.storyboard */ = {
			isa = PBXVariantGroup;
			children = (
				B5CBB92F24B3E52D0065BF06 /* Base */,
			);
			name = Main.storyboard;
			sourceTree = "<group>";
		};
/* End PBXVariantGroup section */

/* Begin XCBuildConfiguration section */
		B585784224B05B7500640B01 /* Debug */ = {
			isa = XCBuildConfiguration;
			buildSettings = {
				ALWAYS_SEARCH_USER_PATHS = NO;
				CLANG_ANALYZER_NONNULL = YES;
				CLANG_ANALYZER_NUMBER_OBJECT_CONVERSION = YES_AGGRESSIVE;
				CLANG_CXX_LANGUAGE_STANDARD = "gnu++14";
				CLANG_CXX_LIBRARY = "libc++";
				CLANG_ENABLE_MODULES = YES;
				CLANG_ENABLE_OBJC_ARC = YES;
				CLANG_ENABLE_OBJC_WEAK = YES;
				CLANG_WARN_BLOCK_CAPTURE_AUTORELEASING = YES;
				CLANG_WARN_BOOL_CONVERSION = YES;
				CLANG_WARN_COMMA = YES;
				CLANG_WARN_CONSTANT_CONVERSION = YES;
				CLANG_WARN_DEPRECATED_OBJC_IMPLEMENTATIONS = YES;
				CLANG_WARN_DIRECT_OBJC_ISA_USAGE = YES_ERROR;
				CLANG_WARN_DOCUMENTATION_COMMENTS = YES;
				CLANG_WARN_EMPTY_BODY = YES;
				CLANG_WARN_ENUM_CONVERSION = YES;
				CLANG_WARN_INFINITE_RECURSION = YES;
				CLANG_WARN_INT_CONVERSION = YES;
				CLANG_WARN_NON_LITERAL_NULL_CONVERSION = YES;
				CLANG_WARN_OBJC_IMPLICIT_RETAIN_SELF = YES;
				CLANG_WARN_OBJC_LITERAL_CONVERSION = YES;
				CLANG_WARN_OBJC_ROOT_CLASS = YES_ERROR;
				CLANG_WARN_RANGE_LOOP_ANALYSIS = YES;
				CLANG_WARN_STRICT_PROTOTYPES = YES;
				CLANG_WARN_SUSPICIOUS_MOVE = YES;
				CLANG_WARN_UNGUARDED_AVAILABILITY = YES_AGGRESSIVE;
				CLANG_WARN_UNREACHABLE_CODE = YES;
				CLANG_WARN__DUPLICATE_METHOD_MATCH = YES;
				COPY_PHASE_STRIP = NO;
				DEBUG_INFORMATION_FORMAT = dwarf;
				ENABLE_STRICT_OBJC_MSGSEND = YES;
				ENABLE_TESTABILITY = YES;
				GCC_C_LANGUAGE_STANDARD = gnu11;
				GCC_DYNAMIC_NO_PIC = NO;
				GCC_NO_COMMON_BLOCKS = YES;
				GCC_OPTIMIZATION_LEVEL = 0;
				GCC_PREPROCESSOR_DEFINITIONS = (
					"DEBUG=1",
					"$(inherited)",
				);
				GCC_WARN_64_TO_32_BIT_CONVERSION = YES;
				GCC_WARN_ABOUT_RETURN_TYPE = YES_ERROR;
				GCC_WARN_UNDECLARED_SELECTOR = YES;
				GCC_WARN_UNINITIALIZED_AUTOS = YES_AGGRESSIVE;
				GCC_WARN_UNUSED_FUNCTION = YES;
				GCC_WARN_UNUSED_VARIABLE = YES;
				IPHONEOS_DEPLOYMENT_TARGET = 13.1;
				MTL_ENABLE_DEBUG_INFO = INCLUDE_SOURCE;
				MTL_FAST_MATH = YES;
				ONLY_ACTIVE_ARCH = YES;
				SDKROOT = iphoneos;
				SWIFT_ACTIVE_COMPILATION_CONDITIONS = DEBUG;
				SWIFT_OPTIMIZATION_LEVEL = "-Onone";
			};
			name = Debug;
		};
		B585784324B05B7500640B01 /* Release */ = {
			isa = XCBuildConfiguration;
			buildSettings = {
				ALWAYS_SEARCH_USER_PATHS = NO;
				CLANG_ANALYZER_NONNULL = YES;
				CLANG_ANALYZER_NUMBER_OBJECT_CONVERSION = YES_AGGRESSIVE;
				CLANG_CXX_LANGUAGE_STANDARD = "gnu++14";
				CLANG_CXX_LIBRARY = "libc++";
				CLANG_ENABLE_MODULES = YES;
				CLANG_ENABLE_OBJC_ARC = YES;
				CLANG_ENABLE_OBJC_WEAK = YES;
				CLANG_WARN_BLOCK_CAPTURE_AUTORELEASING = YES;
				CLANG_WARN_BOOL_CONVERSION = YES;
				CLANG_WARN_COMMA = YES;
				CLANG_WARN_CONSTANT_CONVERSION = YES;
				CLANG_WARN_DEPRECATED_OBJC_IMPLEMENTATIONS = YES;
				CLANG_WARN_DIRECT_OBJC_ISA_USAGE = YES_ERROR;
				CLANG_WARN_DOCUMENTATION_COMMENTS = YES;
				CLANG_WARN_EMPTY_BODY = YES;
				CLANG_WARN_ENUM_CONVERSION = YES;
				CLANG_WARN_INFINITE_RECURSION = YES;
				CLANG_WARN_INT_CONVERSION = YES;
				CLANG_WARN_NON_LITERAL_NULL_CONVERSION = YES;
				CLANG_WARN_OBJC_IMPLICIT_RETAIN_SELF = YES;
				CLANG_WARN_OBJC_LITERAL_CONVERSION = YES;
				CLANG_WARN_OBJC_ROOT_CLASS = YES_ERROR;
				CLANG_WARN_RANGE_LOOP_ANALYSIS = YES;
				CLANG_WARN_STRICT_PROTOTYPES = YES;
				CLANG_WARN_SUSPICIOUS_MOVE = YES;
				CLANG_WARN_UNGUARDED_AVAILABILITY = YES_AGGRESSIVE;
				CLANG_WARN_UNREACHABLE_CODE = YES;
				CLANG_WARN__DUPLICATE_METHOD_MATCH = YES;
				COPY_PHASE_STRIP = NO;
				DEBUG_INFORMATION_FORMAT = "dwarf-with-dsym";
				ENABLE_NS_ASSERTIONS = NO;
				ENABLE_STRICT_OBJC_MSGSEND = YES;
				GCC_C_LANGUAGE_STANDARD = gnu11;
				GCC_NO_COMMON_BLOCKS = YES;
				GCC_WARN_64_TO_32_BIT_CONVERSION = YES;
				GCC_WARN_ABOUT_RETURN_TYPE = YES_ERROR;
				GCC_WARN_UNDECLARED_SELECTOR = YES;
				GCC_WARN_UNINITIALIZED_AUTOS = YES_AGGRESSIVE;
				GCC_WARN_UNUSED_FUNCTION = YES;
				GCC_WARN_UNUSED_VARIABLE = YES;
				IPHONEOS_DEPLOYMENT_TARGET = 13.1;
				MTL_ENABLE_DEBUG_INFO = NO;
				MTL_FAST_MATH = YES;
				SDKROOT = iphoneos;
				SWIFT_COMPILATION_MODE = wholemodule;
				SWIFT_OPTIMIZATION_LEVEL = "-O";
				VALIDATE_PRODUCT = YES;
			};
			name = Release;
		};
		B585784524B05B7500640B01 /* Debug */ = {
			isa = XCBuildConfiguration;
			buildSettings = {
				ASSETCATALOG_COMPILER_APPICON_NAME = AppIcon;
				CODE_SIGN_ENTITLEMENTS = Farlake/macOS/Resources/Farlake.entitlements;
				CODE_SIGN_STYLE = Automatic;
				DEVELOPMENT_TEAM = RVZKP45394;
				INFOPLIST_FILE = Farlake/Shared/Resources/Info.plist;
				IPHONEOS_DEPLOYMENT_TARGET = 13.1;
				LD_RUNPATH_SEARCH_PATHS = (
					"$(inherited)",
					"@executable_path/Frameworks",
				);
				PRODUCT_BUNDLE_IDENTIFIER = com.dangercove.Farlake;
				PRODUCT_NAME = "$(TARGET_NAME)";
				SUPPORTS_MACCATALYST = YES;
				SWIFT_VERSION = 5.0;
				TARGETED_DEVICE_FAMILY = "1,2";
			};
			name = Debug;
		};
		B585784624B05B7500640B01 /* Release */ = {
			isa = XCBuildConfiguration;
			buildSettings = {
				ASSETCATALOG_COMPILER_APPICON_NAME = AppIcon;
				CODE_SIGN_ENTITLEMENTS = Farlake/macOS/Resources/Farlake.entitlements;
				CODE_SIGN_STYLE = Automatic;
				DEVELOPMENT_TEAM = RVZKP45394;
				INFOPLIST_FILE = Farlake/Shared/Resources/Info.plist;
				IPHONEOS_DEPLOYMENT_TARGET = 13.1;
				LD_RUNPATH_SEARCH_PATHS = (
					"$(inherited)",
					"@executable_path/Frameworks",
				);
				PRODUCT_BUNDLE_IDENTIFIER = com.dangercove.Farlake;
				PRODUCT_NAME = "$(TARGET_NAME)";
				SUPPORTS_MACCATALYST = YES;
				SWIFT_VERSION = 5.0;
				TARGETED_DEVICE_FAMILY = "1,2";
			};
			name = Release;
		};
		B585784824B05B7500640B01 /* Debug */ = {
			isa = XCBuildConfiguration;
			buildSettings = {
				ALWAYS_EMBED_SWIFT_STANDARD_LIBRARIES = YES;
				BUNDLE_LOADER = "$(TEST_HOST)";
				CODE_SIGN_STYLE = Automatic;
				DEVELOPMENT_TEAM = RVZKP45394;
				INFOPLIST_FILE = FarlakeTests/Info.plist;
				LD_RUNPATH_SEARCH_PATHS = (
					"$(inherited)",
					"@executable_path/Frameworks",
					"@loader_path/Frameworks",
				);
				PRODUCT_BUNDLE_IDENTIFIER = com.dangercove.FarlakeTests;
				PRODUCT_NAME = "$(TARGET_NAME)";
				SWIFT_VERSION = 5.0;
				TARGETED_DEVICE_FAMILY = "1,2";
				TEST_HOST = "$(BUILT_PRODUCTS_DIR)/Farlake.app/Farlake";
			};
			name = Debug;
		};
		B585784924B05B7500640B01 /* Release */ = {
			isa = XCBuildConfiguration;
			buildSettings = {
				ALWAYS_EMBED_SWIFT_STANDARD_LIBRARIES = YES;
				BUNDLE_LOADER = "$(TEST_HOST)";
				CODE_SIGN_STYLE = Automatic;
				DEVELOPMENT_TEAM = RVZKP45394;
				INFOPLIST_FILE = FarlakeTests/Info.plist;
				LD_RUNPATH_SEARCH_PATHS = (
					"$(inherited)",
					"@executable_path/Frameworks",
					"@loader_path/Frameworks",
				);
				PRODUCT_BUNDLE_IDENTIFIER = com.dangercove.FarlakeTests;
				PRODUCT_NAME = "$(TARGET_NAME)";
				SWIFT_VERSION = 5.0;
				TARGETED_DEVICE_FAMILY = "1,2";
				TEST_HOST = "$(BUILT_PRODUCTS_DIR)/Farlake.app/Farlake";
			};
			name = Release;
		};
		B585784B24B05B7500640B01 /* Debug */ = {
			isa = XCBuildConfiguration;
			buildSettings = {
				ALWAYS_EMBED_SWIFT_STANDARD_LIBRARIES = YES;
				CODE_SIGN_STYLE = Automatic;
				DEVELOPMENT_TEAM = RVZKP45394;
				INFOPLIST_FILE = FarlakeUITests/Info.plist;
				LD_RUNPATH_SEARCH_PATHS = (
					"$(inherited)",
					"@executable_path/Frameworks",
					"@loader_path/Frameworks",
				);
				PRODUCT_BUNDLE_IDENTIFIER = com.dangercove.FarlakeUITests;
				PRODUCT_NAME = "$(TARGET_NAME)";
				SWIFT_VERSION = 5.0;
				TARGETED_DEVICE_FAMILY = "1,2";
				TEST_TARGET_NAME = Farlake;
			};
			name = Debug;
		};
		B585784C24B05B7500640B01 /* Release */ = {
			isa = XCBuildConfiguration;
			buildSettings = {
				ALWAYS_EMBED_SWIFT_STANDARD_LIBRARIES = YES;
				CODE_SIGN_STYLE = Automatic;
				DEVELOPMENT_TEAM = RVZKP45394;
				INFOPLIST_FILE = FarlakeUITests/Info.plist;
				LD_RUNPATH_SEARCH_PATHS = (
					"$(inherited)",
					"@executable_path/Frameworks",
					"@loader_path/Frameworks",
				);
				PRODUCT_BUNDLE_IDENTIFIER = com.dangercove.FarlakeUITests;
				PRODUCT_NAME = "$(TARGET_NAME)";
				SWIFT_VERSION = 5.0;
				TARGETED_DEVICE_FAMILY = "1,2";
				TEST_TARGET_NAME = Farlake;
			};
			name = Release;
		};
/* End XCBuildConfiguration section */

/* Begin XCConfigurationList section */
		B585781524B05B7100640B01 /* Build configuration list for PBXProject "Farlake" */ = {
			isa = XCConfigurationList;
			buildConfigurations = (
				B585784224B05B7500640B01 /* Debug */,
				B585784324B05B7500640B01 /* Release */,
			);
			defaultConfigurationIsVisible = 0;
			defaultConfigurationName = Release;
		};
		B585784424B05B7500640B01 /* Build configuration list for PBXNativeTarget "Farlake" */ = {
			isa = XCConfigurationList;
			buildConfigurations = (
				B585784524B05B7500640B01 /* Debug */,
				B585784624B05B7500640B01 /* Release */,
			);
			defaultConfigurationIsVisible = 0;
			defaultConfigurationName = Release;
		};
		B585784724B05B7500640B01 /* Build configuration list for PBXNativeTarget "FarlakeTests" */ = {
			isa = XCConfigurationList;
			buildConfigurations = (
				B585784824B05B7500640B01 /* Debug */,
				B585784924B05B7500640B01 /* Release */,
			);
			defaultConfigurationIsVisible = 0;
			defaultConfigurationName = Release;
		};
		B585784A24B05B7500640B01 /* Build configuration list for PBXNativeTarget "FarlakeUITests" */ = {
			isa = XCConfigurationList;
			buildConfigurations = (
				B585784B24B05B7500640B01 /* Debug */,
				B585784C24B05B7500640B01 /* Release */,
			);
			defaultConfigurationIsVisible = 0;
			defaultConfigurationName = Release;
		};
/* End XCConfigurationList section */
	};
	rootObject = B585781224B05B7100640B01 /* Project object */;
}
